
Microsoft Visual Studio Solution File, Format Version 12.00
# Visual Studio Version 17
VisualStudioVersion = 17.2.32526.322
MinimumVisualStudioVersion = 10.0.40219.1
Project("{FAE04EC0-301F-11D3-BF4B-00C04F79EFBC}") = "wordToHtmlConverter", "wordToHtmlConverter.csproj", "{2F795D9C-A34D-4386-B982-52268D7BA6C3}"
EndProject
Global
	GlobalSection(SolutionConfigurationPlatforms) = preSolution
		Debug|Any CPU = Debug|Any CPU
		Release|Any CPU = Release|Any CPU
	EndGlobalSection
	GlobalSection(ProjectConfigurationPlatforms) = postSolution
		{2F795D9C-A34D-4386-B982-52268D7BA6C3}.Debug|Any CPU.ActiveCfg = Debug|Any CPU
		{2F795D9C-A34D-4386-B982-52268D7BA6C3}.Debug|Any CPU.Build.0 = Debug|Any CPU
		{2F795D9C-A34D-4386-B982-52268D7BA6C3}.Release|Any CPU.ActiveCfg = Release|Any CPU
		{2F795D9C-A34D-4386-B982-52268D7BA6C3}.Release|Any CPU.Build.0 = Release|Any CPU
	EndGlobalSection
	GlobalSection(SolutionProperties) = preSolution
		HideSolutionNode = FALSE
	EndGlobalSection
	GlobalSection(ExtensibilityGlobals) = postSolution
		SolutionGuid = {6B5508A6-5B01-4BB1-8198-7C41637C5D92}
	EndGlobalSection
EndGlobal
